
Microsoft Visual Studio Solution File, Format Version 12.00
# Visual Studio 15
VisualStudioVersion = 15.0.28307.705
MinimumVisualStudioVersion = 10.0.40219.1
Project("{FAE04EC0-301F-11D3-BF4B-00C04F79EFBC}") = "FYA", "FYA\FYA.csproj", "{91743895-7B0A-423F-A302-F029210412E3}"
EndProject
Global
	GlobalSection(SolutionConfigurationPlatforms) = preSolution
		Debug|Any CPU = Debug|Any CPU
		NoWindow|Any CPU = NoWindow|Any CPU
		Release|Any CPU = Release|Any CPU
	EndGlobalSection
	GlobalSection(ProjectConfigurationPlatforms) = postSolution
		{91743895-7B0A-423F-A302-F029210412E3}.Debug|Any CPU.ActiveCfg = Debug|Any CPU
		{91743895-7B0A-423F-A302-F029210412E3}.Debug|Any CPU.Build.0 = Debug|Any CPU
		{91743895-7B0A-423F-A302-F029210412E3}.NoWindow|Any CPU.ActiveCfg = NoWindow|Any CPU
		{91743895-7B0A-423F-A302-F029210412E3}.NoWindow|Any CPU.Build.0 = NoWindow|Any CPU
		{91743895-7B0A-423F-A302-F029210412E3}.Release|Any CPU.ActiveCfg = Release|Any CPU
		{91743895-7B0A-423F-A302-F029210412E3}.Release|Any CPU.Build.0 = Release|Any CPU
	EndGlobalSection
	GlobalSection(SolutionProperties) = preSolution
		HideSolutionNode = FALSE
	EndGlobalSection
	GlobalSection(ExtensibilityGlobals) = postSolution
		SolutionGuid = {6D82E362-91EF-4E35-A60D-F12817F9A1BE}
	EndGlobalSection
EndGlobal
